
Microsoft Visual Studio Solution File, Format Version 12.00
# Visual Studio Version 16
VisualStudioVersion = 16.0.34407.143
MinimumVisualStudioVersion = 10.0.40219.1
Project("{8BC9CEB8-8B4A-11D0-8D11-00A0C91BC942}") = "Ukazatel", "Ukazatel\Ukazatel.vcxproj", "{DEA101A6-2359-407C-AA9B-A5833874DFB8}"
EndProject
Project("{8BC9CEB8-8B4A-11D0-8D11-00A0C91BC942}") = "ykazatel 2", "ykazatel 2\ykazatel 2.vcxproj", "{D68E77F7-96F8-4F9C-A79B-656B9407C85E}"
EndProject
Project("{8BC9CEB8-8B4A-11D0-8D11-00A0C91BC942}") = "Ukazatel 3", "Ukazatel 3\Ukazatel 3.vcxproj", "{9BBBEAD3-EEFD-4945-ADB9-B8E173165690}"
EndProject
Global
	GlobalSection(SolutionConfigurationPlatforms) = preSolution
		Debug|x64 = Debug|x64
		Debug|x86 = Debug|x86
		Release|x64 = Release|x64
		Release|x86 = Release|x86
	EndGlobalSection
	GlobalSection(ProjectConfigurationPlatforms) = postSolution
		{DEA101A6-2359-407C-AA9B-A5833874DFB8}.Debug|x64.ActiveCfg = Debug|x64
		{DEA101A6-2359-407C-AA9B-A5833874DFB8}.Debug|x64.Build.0 = Debug|x64
		{DEA101A6-2359-407C-AA9B-A5833874DFB8}.Debug|x86.ActiveCfg = Debug|Win32
		{DEA101A6-2359-407C-AA9B-A5833874DFB8}.Debug|x86.Build.0 = Debug|Win32
		{DEA101A6-2359-407C-AA9B-A5833874DFB8}.Release|x64.ActiveCfg = Release|x64
		{DEA101A6-2359-407C-AA9B-A5833874DFB8}.Release|x64.Build.0 = Release|x64
		{DEA101A6-2359-407C-AA9B-A5833874DFB8}.Release|x86.ActiveCfg = Release|Win32
		{DEA101A6-2359-407C-AA9B-A5833874DFB8}.Release|x86.Build.0 = Release|Win32
		{D68E77F7-96F8-4F9C-A79B-656B9407C85E}.Debug|x64.ActiveCfg = Debug|x64
		{D68E77F7-96F8-4F9C-A79B-656B9407C85E}.Debug|x64.Build.0 = Debug|x64
		{D68E77F7-96F8-4F9C-A79B-656B9407C85E}.Debug|x86.ActiveCfg = Debug|Win32
		{D68E77F7-96F8-4F9C-A79B-656B9407C85E}.Debug|x86.Build.0 = Debug|Win32
		{D68E77F7-96F8-4F9C-A79B-656B9407C85E}.Release|x64.ActiveCfg = Release|x64
		{D68E77F7-96F8-4F9C-A79B-656B9407C85E}.Release|x64.Build.0 = Release|x64
		{D68E77F7-96F8-4F9C-A79B-656B9407C85E}.Release|x86.ActiveCfg = Release|Win32
		{D68E77F7-96F8-4F9C-A79B-656B9407C85E}.Release|x86.Build.0 = Release|Win32
		{9BBBEAD3-EEFD-4945-ADB9-B8E173165690}.Debug|x64.ActiveCfg = Debug|x64
		{9BBBEAD3-EEFD-4945-ADB9-B8E173165690}.Debug|x64.Build.0 = Debug|x64
		{9BBBEAD3-EEFD-4945-ADB9-B8E173165690}.Debug|x86.ActiveCfg = Debug|Win32
		{9BBBEAD3-EEFD-4945-ADB9-B8E173165690}.Debug|x86.Build.0 = Debug|Win32
		{9BBBEAD3-EEFD-4945-ADB9-B8E173165690}.Release|x64.ActiveCfg = Release|x64
		{9BBBEAD3-EEFD-4945-ADB9-B8E173165690}.Release|x64.Build.0 = Release|x64
		{9BBBEAD3-EEFD-4945-ADB9-B8E173165690}.Release|x86.ActiveCfg = Release|Win32
		{9BBBEAD3-EEFD-4945-ADB9-B8E173165690}.Release|x86.Build.0 = Release|Win32
	EndGlobalSection
	GlobalSection(SolutionProperties) = preSolution
		HideSolutionNode = FALSE
	EndGlobalSection
	GlobalSection(ExtensibilityGlobals) = postSolution
		SolutionGuid = {025368DA-3C5A-4FBC-BACA-DFF8095212FB}
	EndGlobalSection
EndGlobal
